
Microsoft Visual Studio Solution File, Format Version 12.00
# Visual Studio Version 17
VisualStudioVersion = 17.0.31903.59
MinimumVisualStudioVersion = 10.0.40219.1
Project("{FAE04EC0-301F-11D3-BF4B-00C04F79EFBC}") = "MongoDBUI", "MongoDBUI\MongoDBUI.csproj", "{02F3C00B-0A58-4E70-BCFC-72DD25E7F61C}"
EndProject
Project("{FAE04EC0-301F-11D3-BF4B-00C04F79EFBC}") = "DataAccessLibrary", "DataAccessLibrary\DataAccessLibrary.csproj", "{4F21D59C-6ED8-4584-A8FC-2EA50DC24523}"
EndProject
Global
	GlobalSection(SolutionConfigurationPlatforms) = preSolution
		Debug|Any CPU = Debug|Any CPU
		Release|Any CPU = Release|Any CPU
	EndGlobalSection
	GlobalSection(SolutionProperties) = preSolution
		HideSolutionNode = FALSE
	EndGlobalSection
	GlobalSection(ProjectConfigurationPlatforms) = postSolution
		{02F3C00B-0A58-4E70-BCFC-72DD25E7F61C}.Debug|Any CPU.ActiveCfg = Debug|Any CPU
		{02F3C00B-0A58-4E70-BCFC-72DD25E7F61C}.Debug|Any CPU.Build.0 = Debug|Any CPU
		{02F3C00B-0A58-4E70-BCFC-72DD25E7F61C}.Release|Any CPU.ActiveCfg = Release|Any CPU
		{02F3C00B-0A58-4E70-BCFC-72DD25E7F61C}.Release|Any CPU.Build.0 = Release|Any CPU
		{4F21D59C-6ED8-4584-A8FC-2EA50DC24523}.Debug|Any CPU.ActiveCfg = Debug|Any CPU
		{4F21D59C-6ED8-4584-A8FC-2EA50DC24523}.Debug|Any CPU.Build.0 = Debug|Any CPU
		{4F21D59C-6ED8-4584-A8FC-2EA50DC24523}.Release|Any CPU.ActiveCfg = Release|Any CPU
		{4F21D59C-6ED8-4584-A8FC-2EA50DC24523}.Release|Any CPU.Build.0 = Release|Any CPU
	EndGlobalSection
EndGlobal
