
Microsoft Visual Studio Solution File, Format Version 12.00
# Visual Studio Version 16
VisualStudioVersion = 16.0.30709.132
MinimumVisualStudioVersion = 10.0.40219.1
Project("{FAE04EC0-301F-11D3-BF4B-00C04F79EFBC}") = "ConsoleUI", "ConsoleUI\ConsoleUI.csproj", "{9C085DBF-CD2A-4BBD-8AC8-69A07F7D47CD}"
EndProject
Global
	GlobalSection(SolutionConfigurationPlatforms) = preSolution
		Debug|Any CPU = Debug|Any CPU
		Release|Any CPU = Release|Any CPU
	EndGlobalSection
	GlobalSection(ProjectConfigurationPlatforms) = postSolution
		{9C085DBF-CD2A-4BBD-8AC8-69A07F7D47CD}.Debug|Any CPU.ActiveCfg = Debug|Any CPU
		{9C085DBF-CD2A-4BBD-8AC8-69A07F7D47CD}.Debug|Any CPU.Build.0 = Debug|Any CPU
		{9C085DBF-CD2A-4BBD-8AC8-69A07F7D47CD}.Release|Any CPU.ActiveCfg = Release|Any CPU
		{9C085DBF-CD2A-4BBD-8AC8-69A07F7D47CD}.Release|Any CPU.Build.0 = Release|Any CPU
	EndGlobalSection
	GlobalSection(SolutionProperties) = preSolution
		HideSolutionNode = FALSE
	EndGlobalSection
	GlobalSection(ExtensibilityGlobals) = postSolution
		SolutionGuid = {F312C5BC-FA29-40B7-858D-F34EED5BBFF1}
	EndGlobalSection
EndGlobal
