
Microsoft Visual Studio Solution File, Format Version 12.00
# Visual Studio Version 16
VisualStudioVersion = 16.0.30709.132
MinimumVisualStudioVersion = 10.0.40219.1
Project("{FAE04EC0-301F-11D3-BF4B-00C04F79EFBC}") = "ConsoleUI", "ConsoleUI\ConsoleUI.csproj", "{D76E5E3B-1AFE-4F62-989F-8B76ADABF2AB}"
EndProject
Global
	GlobalSection(SolutionConfigurationPlatforms) = preSolution
		Debug|Any CPU = Debug|Any CPU
		Release|Any CPU = Release|Any CPU
	EndGlobalSection
	GlobalSection(ProjectConfigurationPlatforms) = postSolution
		{D76E5E3B-1AFE-4F62-989F-8B76ADABF2AB}.Debug|Any CPU.ActiveCfg = Debug|Any CPU
		{D76E5E3B-1AFE-4F62-989F-8B76ADABF2AB}.Debug|Any CPU.Build.0 = Debug|Any CPU
		{D76E5E3B-1AFE-4F62-989F-8B76ADABF2AB}.Release|Any CPU.ActiveCfg = Release|Any CPU
		{D76E5E3B-1AFE-4F62-989F-8B76ADABF2AB}.Release|Any CPU.Build.0 = Release|Any CPU
	EndGlobalSection
	GlobalSection(SolutionProperties) = preSolution
		HideSolutionNode = FALSE
	EndGlobalSection
	GlobalSection(ExtensibilityGlobals) = postSolution
		SolutionGuid = {5FCA672F-C594-4386-8417-B0A142406FBC}
	EndGlobalSection
EndGlobal
