
Microsoft Visual Studio Solution File, Format Version 12.00
# Visual Studio Version 17
VisualStudioVersion = 17.0.31919.166
MinimumVisualStudioVersion = 10.0.40219.1
Project("{FAE04EC0-301F-11D3-BF4B-00C04F79EFBC}") = "ConsoleUI", "ConsoleUI\ConsoleUI.csproj", "{64CC90F0-BC4B-4AE4-8014-57F35153A431}"
EndProject
Global
	GlobalSection(SolutionConfigurationPlatforms) = preSolution
		Debug|Any CPU = Debug|Any CPU
		Release|Any CPU = Release|Any CPU
	EndGlobalSection
	GlobalSection(ProjectConfigurationPlatforms) = postSolution
		{64CC90F0-BC4B-4AE4-8014-57F35153A431}.Debug|Any CPU.ActiveCfg = Debug|Any CPU
		{64CC90F0-BC4B-4AE4-8014-57F35153A431}.Debug|Any CPU.Build.0 = Debug|Any CPU
		{64CC90F0-BC4B-4AE4-8014-57F35153A431}.Release|Any CPU.ActiveCfg = Release|Any CPU
		{64CC90F0-BC4B-4AE4-8014-57F35153A431}.Release|Any CPU.Build.0 = Release|Any CPU
	EndGlobalSection
	GlobalSection(SolutionProperties) = preSolution
		HideSolutionNode = FALSE
	EndGlobalSection
	GlobalSection(ExtensibilityGlobals) = postSolution
		SolutionGuid = {A18E751A-557E-4C3E-935B-F6468E4F61A7}
	EndGlobalSection
EndGlobal
