
Microsoft Visual Studio Solution File, Format Version 12.00
# Visual Studio Version 16
VisualStudioVersion = 16.0.31205.134
MinimumVisualStudioVersion = 10.0.40219.1
Project("{9A19103F-16F7-4668-BE54-9A1E7A4F7556}") = "CalculatorLibrary", "CalculatorLibrary\CalculatorLibrary.csproj", "{BA2F1690-BC91-43BE-888D-B32B06614D52}"
EndProject
Project("{FAE04EC0-301F-11D3-BF4B-00C04F79EFBC}") = "CalculatorLibrary.Tests", "CalculatorLibrary.Tests\CalculatorLibrary.Tests.csproj", "{DCC7C29D-73E0-4D5F-A6FA-718D82514129}"
EndProject
Global
	GlobalSection(SolutionConfigurationPlatforms) = preSolution
		Debug|Any CPU = Debug|Any CPU
		Release|Any CPU = Release|Any CPU
	EndGlobalSection
	GlobalSection(ProjectConfigurationPlatforms) = postSolution
		{BA2F1690-BC91-43BE-888D-B32B06614D52}.Debug|Any CPU.ActiveCfg = Debug|Any CPU
		{BA2F1690-BC91-43BE-888D-B32B06614D52}.Debug|Any CPU.Build.0 = Debug|Any CPU
		{BA2F1690-BC91-43BE-888D-B32B06614D52}.Release|Any CPU.ActiveCfg = Release|Any CPU
		{BA2F1690-BC91-43BE-888D-B32B06614D52}.Release|Any CPU.Build.0 = Release|Any CPU
		{DCC7C29D-73E0-4D5F-A6FA-718D82514129}.Debug|Any CPU.ActiveCfg = Debug|Any CPU
		{DCC7C29D-73E0-4D5F-A6FA-718D82514129}.Debug|Any CPU.Build.0 = Debug|Any CPU
		{DCC7C29D-73E0-4D5F-A6FA-718D82514129}.Release|Any CPU.ActiveCfg = Release|Any CPU
		{DCC7C29D-73E0-4D5F-A6FA-718D82514129}.Release|Any CPU.Build.0 = Release|Any CPU
	EndGlobalSection
	GlobalSection(SolutionProperties) = preSolution
		HideSolutionNode = FALSE
	EndGlobalSection
	GlobalSection(ExtensibilityGlobals) = postSolution
		SolutionGuid = {2D30A4C8-ED3F-4FA1-B8A9-55F150CB889F}
	EndGlobalSection
EndGlobal
