
Microsoft Visual Studio Solution File, Format Version 12.00
# Visual Studio Version 16
VisualStudioVersion = 16.0.30611.23
MinimumVisualStudioVersion = 10.0.40219.1
Project("{FAE04EC0-301F-11D3-BF4B-00C04F79EFBC}") = "ConsoleUI", "ConsoleUI\ConsoleUI.csproj", "{3FBEFC2D-F467-48A7-83FD-398121B2FC81}"
EndProject
Global
	GlobalSection(SolutionConfigurationPlatforms) = preSolution
		Debug|Any CPU = Debug|Any CPU
		Release|Any CPU = Release|Any CPU
	EndGlobalSection
	GlobalSection(ProjectConfigurationPlatforms) = postSolution
		{3FBEFC2D-F467-48A7-83FD-398121B2FC81}.Debug|Any CPU.ActiveCfg = Debug|Any CPU
		{3FBEFC2D-F467-48A7-83FD-398121B2FC81}.Debug|Any CPU.Build.0 = Debug|Any CPU
		{3FBEFC2D-F467-48A7-83FD-398121B2FC81}.Release|Any CPU.ActiveCfg = Release|Any CPU
		{3FBEFC2D-F467-48A7-83FD-398121B2FC81}.Release|Any CPU.Build.0 = Release|Any CPU
	EndGlobalSection
	GlobalSection(SolutionProperties) = preSolution
		HideSolutionNode = FALSE
	EndGlobalSection
	GlobalSection(ExtensibilityGlobals) = postSolution
		SolutionGuid = {B7586CFF-B66B-4C30-8EBC-B5B7D9B486BE}
	EndGlobalSection
EndGlobal
