
Microsoft Visual Studio Solution File, Format Version 12.00
# Visual Studio Version 16
VisualStudioVersion = 16.0.30709.132
MinimumVisualStudioVersion = 10.0.40219.1
Project("{FAE04EC0-301F-11D3-BF4B-00C04F79EFBC}") = "ConsoleUI", "ConsoleUI\ConsoleUI.csproj", "{B2C50EB6-21E4-4DFD-B69B-F6C92ADD8D33}"
EndProject
Global
	GlobalSection(SolutionConfigurationPlatforms) = preSolution
		Debug|Any CPU = Debug|Any CPU
		Release|Any CPU = Release|Any CPU
	EndGlobalSection
	GlobalSection(ProjectConfigurationPlatforms) = postSolution
		{B2C50EB6-21E4-4DFD-B69B-F6C92ADD8D33}.Debug|Any CPU.ActiveCfg = Debug|Any CPU
		{B2C50EB6-21E4-4DFD-B69B-F6C92ADD8D33}.Debug|Any CPU.Build.0 = Debug|Any CPU
		{B2C50EB6-21E4-4DFD-B69B-F6C92ADD8D33}.Release|Any CPU.ActiveCfg = Release|Any CPU
		{B2C50EB6-21E4-4DFD-B69B-F6C92ADD8D33}.Release|Any CPU.Build.0 = Release|Any CPU
	EndGlobalSection
	GlobalSection(SolutionProperties) = preSolution
		HideSolutionNode = FALSE
	EndGlobalSection
	GlobalSection(ExtensibilityGlobals) = postSolution
		SolutionGuid = {02A79D24-DF8E-4AA4-91FA-0C1CD4A30572}
	EndGlobalSection
EndGlobal
