
Microsoft Visual Studio Solution File, Format Version 12.00
# Visual Studio Version 16
VisualStudioVersion = 16.0.30611.23
MinimumVisualStudioVersion = 10.0.40219.1
Project("{FAE04EC0-301F-11D3-BF4B-00C04F79EFBC}") = "ConsoleUI", "ConsoleUI\ConsoleUI.csproj", "{DE0EAF75-A628-41D1-811F-6528CD1FB70A}"
EndProject
Global
	GlobalSection(SolutionConfigurationPlatforms) = preSolution
		Debug|Any CPU = Debug|Any CPU
		Release|Any CPU = Release|Any CPU
	EndGlobalSection
	GlobalSection(ProjectConfigurationPlatforms) = postSolution
		{DE0EAF75-A628-41D1-811F-6528CD1FB70A}.Debug|Any CPU.ActiveCfg = Debug|Any CPU
		{DE0EAF75-A628-41D1-811F-6528CD1FB70A}.Debug|Any CPU.Build.0 = Debug|Any CPU
		{DE0EAF75-A628-41D1-811F-6528CD1FB70A}.Release|Any CPU.ActiveCfg = Release|Any CPU
		{DE0EAF75-A628-41D1-811F-6528CD1FB70A}.Release|Any CPU.Build.0 = Release|Any CPU
	EndGlobalSection
	GlobalSection(SolutionProperties) = preSolution
		HideSolutionNode = FALSE
	EndGlobalSection
	GlobalSection(ExtensibilityGlobals) = postSolution
		SolutionGuid = {CD4952ED-3DF2-4D25-AAA2-44A07B72E2C3}
	EndGlobalSection
EndGlobal
