
Microsoft Visual Studio Solution File, Format Version 12.00
# Visual Studio Version 16
VisualStudioVersion = 16.0.30611.23
MinimumVisualStudioVersion = 10.0.40219.1
Project("{FAE04EC0-301F-11D3-BF4B-00C04F79EFBC}") = "ConsoleUI", "ConsoleUI\ConsoleUI.csproj", "{3709B34D-8EBF-4758-9D4F-96E4E5F6710A}"
EndProject
Global
	GlobalSection(SolutionConfigurationPlatforms) = preSolution
		Debug|Any CPU = Debug|Any CPU
		Release|Any CPU = Release|Any CPU
	EndGlobalSection
	GlobalSection(ProjectConfigurationPlatforms) = postSolution
		{3709B34D-8EBF-4758-9D4F-96E4E5F6710A}.Debug|Any CPU.ActiveCfg = Debug|Any CPU
		{3709B34D-8EBF-4758-9D4F-96E4E5F6710A}.Debug|Any CPU.Build.0 = Debug|Any CPU
		{3709B34D-8EBF-4758-9D4F-96E4E5F6710A}.Release|Any CPU.ActiveCfg = Release|Any CPU
		{3709B34D-8EBF-4758-9D4F-96E4E5F6710A}.Release|Any CPU.Build.0 = Release|Any CPU
	EndGlobalSection
	GlobalSection(SolutionProperties) = preSolution
		HideSolutionNode = FALSE
	EndGlobalSection
	GlobalSection(ExtensibilityGlobals) = postSolution
		SolutionGuid = {0293E25E-2F1B-4869-8209-45A7E786D2F2}
	EndGlobalSection
EndGlobal
