
Microsoft Visual Studio Solution File, Format Version 12.00
# Visual Studio Version 16
VisualStudioVersion = 16.0.30709.132
MinimumVisualStudioVersion = 10.0.40219.1
Project("{FAE04EC0-301F-11D3-BF4B-00C04F79EFBC}") = "ConsoleUI", "ConsoleUI\ConsoleUI.csproj", "{8CAD7187-84E2-4E65-AC95-595F82E83F40}"
EndProject
Project("{FAE04EC0-301F-11D3-BF4B-00C04F79EFBC}") = "AccessModifiersLibrary", "AccessModifiersLibrary\AccessModifiersLibrary.csproj", "{F73D0D38-5FBD-4AEC-9C0E-65858841889A}"
EndProject
Global
	GlobalSection(SolutionConfigurationPlatforms) = preSolution
		Debug|Any CPU = Debug|Any CPU
		Release|Any CPU = Release|Any CPU
	EndGlobalSection
	GlobalSection(ProjectConfigurationPlatforms) = postSolution
		{8CAD7187-84E2-4E65-AC95-595F82E83F40}.Debug|Any CPU.ActiveCfg = Debug|Any CPU
		{8CAD7187-84E2-4E65-AC95-595F82E83F40}.Debug|Any CPU.Build.0 = Debug|Any CPU
		{8CAD7187-84E2-4E65-AC95-595F82E83F40}.Release|Any CPU.ActiveCfg = Release|Any CPU
		{8CAD7187-84E2-4E65-AC95-595F82E83F40}.Release|Any CPU.Build.0 = Release|Any CPU
		{F73D0D38-5FBD-4AEC-9C0E-65858841889A}.Debug|Any CPU.ActiveCfg = Debug|Any CPU
		{F73D0D38-5FBD-4AEC-9C0E-65858841889A}.Debug|Any CPU.Build.0 = Debug|Any CPU
		{F73D0D38-5FBD-4AEC-9C0E-65858841889A}.Release|Any CPU.ActiveCfg = Release|Any CPU
		{F73D0D38-5FBD-4AEC-9C0E-65858841889A}.Release|Any CPU.Build.0 = Release|Any CPU
	EndGlobalSection
	GlobalSection(SolutionProperties) = preSolution
		HideSolutionNode = FALSE
	EndGlobalSection
	GlobalSection(ExtensibilityGlobals) = postSolution
		SolutionGuid = {97FF3E43-4283-4D08-BDD4-51FFC1CD7CE3}
	EndGlobalSection
EndGlobal
