
Microsoft Visual Studio Solution File, Format Version 12.00
# Visual Studio Version 17
VisualStudioVersion = 17.0.31919.166
MinimumVisualStudioVersion = 10.0.40219.1
Project("{FAE04EC0-301F-11D3-BF4B-00C04F79EFBC}") = "WPFHelloUser", "WPFHelloUser\WPFHelloUser.csproj", "{BD02D5AB-B69E-42D8-85F9-DDB1D2D9CCEA}"
EndProject
Global
	GlobalSection(SolutionConfigurationPlatforms) = preSolution
		Debug|Any CPU = Debug|Any CPU
		Release|Any CPU = Release|Any CPU
	EndGlobalSection
	GlobalSection(ProjectConfigurationPlatforms) = postSolution
		{BD02D5AB-B69E-42D8-85F9-DDB1D2D9CCEA}.Debug|Any CPU.ActiveCfg = Debug|Any CPU
		{BD02D5AB-B69E-42D8-85F9-DDB1D2D9CCEA}.Debug|Any CPU.Build.0 = Debug|Any CPU
		{BD02D5AB-B69E-42D8-85F9-DDB1D2D9CCEA}.Release|Any CPU.ActiveCfg = Release|Any CPU
		{BD02D5AB-B69E-42D8-85F9-DDB1D2D9CCEA}.Release|Any CPU.Build.0 = Release|Any CPU
	EndGlobalSection
	GlobalSection(SolutionProperties) = preSolution
		HideSolutionNode = FALSE
	EndGlobalSection
	GlobalSection(ExtensibilityGlobals) = postSolution
		SolutionGuid = {E97D2646-5BF7-484E-BB6D-5171DA18E16E}
	EndGlobalSection
EndGlobal
