
Microsoft Visual Studio Solution File, Format Version 12.00
# Visual Studio Version 17
VisualStudioVersion = 17.0.31919.166
MinimumVisualStudioVersion = 10.0.40219.1
Project("{FAE04EC0-301F-11D3-BF4B-00C04F79EFBC}") = "ConsoleUI", "ConsoleUI\ConsoleUI.csproj", "{17D3D8A8-C6A6-44DE-BB79-3AA7B5059B45}"
EndProject
Global
	GlobalSection(SolutionConfigurationPlatforms) = preSolution
		Debug|Any CPU = Debug|Any CPU
		Release|Any CPU = Release|Any CPU
	EndGlobalSection
	GlobalSection(ProjectConfigurationPlatforms) = postSolution
		{17D3D8A8-C6A6-44DE-BB79-3AA7B5059B45}.Debug|Any CPU.ActiveCfg = Debug|Any CPU
		{17D3D8A8-C6A6-44DE-BB79-3AA7B5059B45}.Debug|Any CPU.Build.0 = Debug|Any CPU
		{17D3D8A8-C6A6-44DE-BB79-3AA7B5059B45}.Release|Any CPU.ActiveCfg = Release|Any CPU
		{17D3D8A8-C6A6-44DE-BB79-3AA7B5059B45}.Release|Any CPU.Build.0 = Release|Any CPU
	EndGlobalSection
	GlobalSection(SolutionProperties) = preSolution
		HideSolutionNode = FALSE
	EndGlobalSection
	GlobalSection(ExtensibilityGlobals) = postSolution
		SolutionGuid = {0B382C3E-AA4B-49FD-8FEB-56C449195048}
	EndGlobalSection
EndGlobal
