
Microsoft Visual Studio Solution File, Format Version 12.00
# Visual Studio Version 17
VisualStudioVersion = 17.0.31919.166
MinimumVisualStudioVersion = 10.0.40219.1
Project("{FAE04EC0-301F-11D3-BF4B-00C04F79EFBC}") = "ConsoleUI", "ConsoleUI\ConsoleUI.csproj", "{20BEB326-DC2E-43E5-953B-5412A318E764}"
EndProject
Global
	GlobalSection(SolutionConfigurationPlatforms) = preSolution
		Debug|Any CPU = Debug|Any CPU
		Release|Any CPU = Release|Any CPU
	EndGlobalSection
	GlobalSection(ProjectConfigurationPlatforms) = postSolution
		{20BEB326-DC2E-43E5-953B-5412A318E764}.Debug|Any CPU.ActiveCfg = Debug|Any CPU
		{20BEB326-DC2E-43E5-953B-5412A318E764}.Debug|Any CPU.Build.0 = Debug|Any CPU
		{20BEB326-DC2E-43E5-953B-5412A318E764}.Release|Any CPU.ActiveCfg = Release|Any CPU
		{20BEB326-DC2E-43E5-953B-5412A318E764}.Release|Any CPU.Build.0 = Release|Any CPU
	EndGlobalSection
	GlobalSection(SolutionProperties) = preSolution
		HideSolutionNode = FALSE
	EndGlobalSection
	GlobalSection(ExtensibilityGlobals) = postSolution
		SolutionGuid = {895F20C3-CE73-4270-954E-996090785ECC}
	EndGlobalSection
EndGlobal
