
Microsoft Visual Studio Solution File, Format Version 12.00
# Visual Studio Version 16
VisualStudioVersion = 16.0.31205.134
MinimumVisualStudioVersion = 10.0.40219.1
Project("{FAE04EC0-301F-11D3-BF4B-00C04F79EFBC}") = "ConsoleUI", "ConsoleUI\ConsoleUI.csproj", "{FD2C35AF-E1DD-4D05-80AF-46270671AF42}"
EndProject
Project("{FAE04EC0-301F-11D3-BF4B-00C04F79EFBC}") = "CalculatorLibrary", "CalculatorLibrary\CalculatorLibrary.csproj", "{544D2611-F7FB-4686-8340-ABCBBC99E76A}"
EndProject
Global
	GlobalSection(SolutionConfigurationPlatforms) = preSolution
		Debug|Any CPU = Debug|Any CPU
		Release|Any CPU = Release|Any CPU
	EndGlobalSection
	GlobalSection(ProjectConfigurationPlatforms) = postSolution
		{FD2C35AF-E1DD-4D05-80AF-46270671AF42}.Debug|Any CPU.ActiveCfg = Debug|Any CPU
		{FD2C35AF-E1DD-4D05-80AF-46270671AF42}.Debug|Any CPU.Build.0 = Debug|Any CPU
		{FD2C35AF-E1DD-4D05-80AF-46270671AF42}.Release|Any CPU.ActiveCfg = Release|Any CPU
		{FD2C35AF-E1DD-4D05-80AF-46270671AF42}.Release|Any CPU.Build.0 = Release|Any CPU
		{544D2611-F7FB-4686-8340-ABCBBC99E76A}.Debug|Any CPU.ActiveCfg = Debug|Any CPU
		{544D2611-F7FB-4686-8340-ABCBBC99E76A}.Debug|Any CPU.Build.0 = Debug|Any CPU
		{544D2611-F7FB-4686-8340-ABCBBC99E76A}.Release|Any CPU.ActiveCfg = Release|Any CPU
		{544D2611-F7FB-4686-8340-ABCBBC99E76A}.Release|Any CPU.Build.0 = Release|Any CPU
	EndGlobalSection
	GlobalSection(SolutionProperties) = preSolution
		HideSolutionNode = FALSE
	EndGlobalSection
	GlobalSection(ExtensibilityGlobals) = postSolution
		SolutionGuid = {00403702-33A4-4640-B2BD-18ECDE3C1E53}
	EndGlobalSection
EndGlobal
