
Microsoft Visual Studio Solution File, Format Version 12.00
# Visual Studio Version 16
VisualStudioVersion = 16.0.30611.23
MinimumVisualStudioVersion = 10.0.40219.1
Project("{FAE04EC0-301F-11D3-BF4B-00C04F79EFBC}") = "ConsoleUI", "ConsoleUI\ConsoleUI.csproj", "{65F76E20-3216-4471-A98F-263C99E3D960}"
EndProject
Global
	GlobalSection(SolutionConfigurationPlatforms) = preSolution
		Debug|Any CPU = Debug|Any CPU
		Release|Any CPU = Release|Any CPU
	EndGlobalSection
	GlobalSection(ProjectConfigurationPlatforms) = postSolution
		{65F76E20-3216-4471-A98F-263C99E3D960}.Debug|Any CPU.ActiveCfg = Debug|Any CPU
		{65F76E20-3216-4471-A98F-263C99E3D960}.Debug|Any CPU.Build.0 = Debug|Any CPU
		{65F76E20-3216-4471-A98F-263C99E3D960}.Release|Any CPU.ActiveCfg = Release|Any CPU
		{65F76E20-3216-4471-A98F-263C99E3D960}.Release|Any CPU.Build.0 = Release|Any CPU
	EndGlobalSection
	GlobalSection(SolutionProperties) = preSolution
		HideSolutionNode = FALSE
	EndGlobalSection
	GlobalSection(ExtensibilityGlobals) = postSolution
		SolutionGuid = {97E9DED8-C481-4840-8368-267FF7D6BDED}
	EndGlobalSection
EndGlobal
