
Microsoft Visual Studio Solution File, Format Version 12.00
# Visual Studio Version 17
VisualStudioVersion = 17.0.31919.166
MinimumVisualStudioVersion = 10.0.40219.1
Project("{FAE04EC0-301F-11D3-BF4B-00C04F79EFBC}") = "ConsoleUI", "ConsoleUI\ConsoleUI.csproj", "{341F32EB-A70C-4398-A9B1-B07EE67BF007}"
EndProject
Global
	GlobalSection(SolutionConfigurationPlatforms) = preSolution
		Debug|Any CPU = Debug|Any CPU
		Release|Any CPU = Release|Any CPU
	EndGlobalSection
	GlobalSection(ProjectConfigurationPlatforms) = postSolution
		{341F32EB-A70C-4398-A9B1-B07EE67BF007}.Debug|Any CPU.ActiveCfg = Debug|Any CPU
		{341F32EB-A70C-4398-A9B1-B07EE67BF007}.Debug|Any CPU.Build.0 = Debug|Any CPU
		{341F32EB-A70C-4398-A9B1-B07EE67BF007}.Release|Any CPU.ActiveCfg = Release|Any CPU
		{341F32EB-A70C-4398-A9B1-B07EE67BF007}.Release|Any CPU.Build.0 = Release|Any CPU
	EndGlobalSection
	GlobalSection(SolutionProperties) = preSolution
		HideSolutionNode = FALSE
	EndGlobalSection
	GlobalSection(ExtensibilityGlobals) = postSolution
		SolutionGuid = {447879C6-6285-41FC-9578-1EC5C9125091}
	EndGlobalSection
EndGlobal
