
Microsoft Visual Studio Solution File, Format Version 12.00
# Visual Studio Version 17
VisualStudioVersion = 17.3.32929.385
MinimumVisualStudioVersion = 10.0.40219.1
Project("{FAE04EC0-301F-11D3-BF4B-00C04F79EFBC}") = "ExtensionMethodsUI", "ExtensionMethodsUI\ExtensionMethodsUI.csproj", "{29316151-0877-486C-BBE7-E05F15976793}"
EndProject
Global
	GlobalSection(SolutionConfigurationPlatforms) = preSolution
		Debug|Any CPU = Debug|Any CPU
		Release|Any CPU = Release|Any CPU
	EndGlobalSection
	GlobalSection(ProjectConfigurationPlatforms) = postSolution
		{29316151-0877-486C-BBE7-E05F15976793}.Debug|Any CPU.ActiveCfg = Debug|Any CPU
		{29316151-0877-486C-BBE7-E05F15976793}.Debug|Any CPU.Build.0 = Debug|Any CPU
		{29316151-0877-486C-BBE7-E05F15976793}.Release|Any CPU.ActiveCfg = Release|Any CPU
		{29316151-0877-486C-BBE7-E05F15976793}.Release|Any CPU.Build.0 = Release|Any CPU
	EndGlobalSection
	GlobalSection(SolutionProperties) = preSolution
		HideSolutionNode = FALSE
	EndGlobalSection
	GlobalSection(ExtensibilityGlobals) = postSolution
		SolutionGuid = {99207345-4F2E-4CC2-A20E-F8FA828D0504}
	EndGlobalSection
EndGlobal
